# THIS IS AN AUTOGENERATED FILE. DO NOT EDIT THIS FILE DIRECTLY.
# yarn lockfile v1


preact@^10.7.2:
  version "10.7.2"
  resolved "https://registry.yarnpkg.com/preact/-/preact-10.7.2.tgz#5c632ba194b87345dcaee6598b3b6529b58e6a12"
  integrity sha512-GLjn0I3r6ka+NvxJUppsVFqb4V0qDTEHT/QxHlidPuClGaxF/4AI2Qti4a0cv3XMh5n1+D3hLScW10LRIm5msQ==

wmr@^3.7.2:
  version "3.7.2"
  resolved "https://registry.yarnpkg.com/wmr/-/wmr-3.7.2.tgz#3d6dfb771fafc0e2119d4502aaea26ecd5963c19"
  integrity sha512-i+e/T8J067qP2pBgq6E2gaW9qMGK+D9eGue85YM0Vflc2UuzXBP3fSS5PzvyHEKuPHZWmcFBmZRs6DU9Lkr9og==
